
Microsoft Visual Studio Solution File, Format Version 12.00
# Visual Studio Version 17
VisualStudioVersion = 17.0.31903.59
MinimumVisualStudioVersion = 10.0.40219.1
Project("{9A19103F-16F7-4668-BE54-9A1E7A4F7556}") = "Sso.Central", "Sso.Central\Sso.Central.csproj", "{03935A34-1D72-4B1E-A6BD-5DF5A395C661}"
EndProject
Project("{9A19103F-16F7-4668-BE54-9A1E7A4F7556}") = "Sso.Application", "Sso.Application\Sso.Application.csproj", "{41206D91-7FAE-4CEE-AAA4-E8B557148BD4}"
EndProject
Project("{9A19103F-16F7-4668-BE54-9A1E7A4F7556}") = "Sso.Central.Data", "Sso.Central.Data\Sso.Central.Data.csproj", "{FB3E778A-9DC3-4602-951C-A9F03E5E7DB7}"
EndProject
Project("{FAE04EC0-301F-11D3-BF4B-00C04F79EFBC}") = "Sso.Application.Data", "Sso.Application.Data\Sso.Application.Data.csproj", "{B7A6C4CE-B6C4-44C4-A051-8F18A9AF6A2B}"
EndProject
Global
	GlobalSection(SolutionConfigurationPlatforms) = preSolution
		Debug|Any CPU = Debug|Any CPU
		Release|Any CPU = Release|Any CPU
	EndGlobalSection
	GlobalSection(ProjectConfigurationPlatforms) = postSolution
		{03935A34-1D72-4B1E-A6BD-5DF5A395C661}.Debug|Any CPU.ActiveCfg = Debug|Any CPU
		{03935A34-1D72-4B1E-A6BD-5DF5A395C661}.Debug|Any CPU.Build.0 = Debug|Any CPU
		{03935A34-1D72-4B1E-A6BD-5DF5A395C661}.Release|Any CPU.ActiveCfg = Release|Any CPU
		{03935A34-1D72-4B1E-A6BD-5DF5A395C661}.Release|Any CPU.Build.0 = Release|Any CPU
		{41206D91-7FAE-4CEE-AAA4-E8B557148BD4}.Debug|Any CPU.ActiveCfg = Debug|Any CPU
		{41206D91-7FAE-4CEE-AAA4-E8B557148BD4}.Debug|Any CPU.Build.0 = Debug|Any CPU
		{41206D91-7FAE-4CEE-AAA4-E8B557148BD4}.Release|Any CPU.ActiveCfg = Release|Any CPU
		{41206D91-7FAE-4CEE-AAA4-E8B557148BD4}.Release|Any CPU.Build.0 = Release|Any CPU
		{FB3E778A-9DC3-4602-951C-A9F03E5E7DB7}.Debug|Any CPU.ActiveCfg = Debug|Any CPU
		{FB3E778A-9DC3-4602-951C-A9F03E5E7DB7}.Debug|Any CPU.Build.0 = Debug|Any CPU
		{FB3E778A-9DC3-4602-951C-A9F03E5E7DB7}.Release|Any CPU.ActiveCfg = Release|Any CPU
		{FB3E778A-9DC3-4602-951C-A9F03E5E7DB7}.Release|Any CPU.Build.0 = Release|Any CPU
		{B7A6C4CE-B6C4-44C4-A051-8F18A9AF6A2B}.Debug|Any CPU.ActiveCfg = Debug|Any CPU
		{B7A6C4CE-B6C4-44C4-A051-8F18A9AF6A2B}.Debug|Any CPU.Build.0 = Debug|Any CPU
		{B7A6C4CE-B6C4-44C4-A051-8F18A9AF6A2B}.Release|Any CPU.ActiveCfg = Release|Any CPU
		{B7A6C4CE-B6C4-44C4-A051-8F18A9AF6A2B}.Release|Any CPU.Build.0 = Release|Any CPU
	EndGlobalSection
	GlobalSection(SolutionProperties) = preSolution
		HideSolutionNode = FALSE
	EndGlobalSection
	GlobalSection(ExtensibilityGlobals) = postSolution
		SolutionGuid = {A1DFB92E-F28D-41D8-942B-1F6CFB447A77}
	EndGlobalSection
EndGlobal
